
Microsoft Visual Studio Solution File, Format Version 12.00
# Visual Studio Version 17
VisualStudioVersion = 17.8.34330.188
MinimumVisualStudioVersion = 10.0.40219.1
Project("{888888A0-9F3D-457C-B088-3A5042F75D52}") = "PythonApplication9", "PythonApplication9.pyproj", "{E6CAEB29-6F2D-4A51-A944-F9666B8203DD}"
EndProject
Global
	GlobalSection(SolutionConfigurationPlatforms) = preSolution
		Debug|Any CPU = Debug|Any CPU
		Release|Any CPU = Release|Any CPU
	EndGlobalSection
	GlobalSection(ProjectConfigurationPlatforms) = postSolution
		{E6CAEB29-6F2D-4A51-A944-F9666B8203DD}.Debug|Any CPU.ActiveCfg = Debug|Any CPU
		{E6CAEB29-6F2D-4A51-A944-F9666B8203DD}.Release|Any CPU.ActiveCfg = Release|Any CPU
	EndGlobalSection
	GlobalSection(SolutionProperties) = preSolution
		HideSolutionNode = FALSE
	EndGlobalSection
	GlobalSection(ExtensibilityGlobals) = postSolution
		SolutionGuid = {25C6EE6C-534D-4A6B-BC2A-74F99551FA53}
	EndGlobalSection
EndGlobal
