
Microsoft Visual Studio Solution File, Format Version 12.00
# Visual Studio Version 17
VisualStudioVersion = 17.8.34330.188
MinimumVisualStudioVersion = 10.0.40219.1
Project("{8BC9CEB8-8B4A-11D0-8D11-00A0C91BC942}") = "Lection10", "Lection10.vcxproj", "{E843C8D1-7064-4E07-8DA1-2F0031AE0235}"
EndProject
Global
	GlobalSection(SolutionConfigurationPlatforms) = preSolution
		Debug|x64 = Debug|x64
		Debug|x86 = Debug|x86
		Release|x64 = Release|x64
		Release|x86 = Release|x86
	EndGlobalSection
	GlobalSection(ProjectConfigurationPlatforms) = postSolution
		{E843C8D1-7064-4E07-8DA1-2F0031AE0235}.Debug|x64.ActiveCfg = Debug|x64
		{E843C8D1-7064-4E07-8DA1-2F0031AE0235}.Debug|x64.Build.0 = Debug|x64
		{E843C8D1-7064-4E07-8DA1-2F0031AE0235}.Debug|x86.ActiveCfg = Debug|Win32
		{E843C8D1-7064-4E07-8DA1-2F0031AE0235}.Debug|x86.Build.0 = Debug|Win32
		{E843C8D1-7064-4E07-8DA1-2F0031AE0235}.Release|x64.ActiveCfg = Release|x64
		{E843C8D1-7064-4E07-8DA1-2F0031AE0235}.Release|x64.Build.0 = Release|x64
		{E843C8D1-7064-4E07-8DA1-2F0031AE0235}.Release|x86.ActiveCfg = Release|Win32
		{E843C8D1-7064-4E07-8DA1-2F0031AE0235}.Release|x86.Build.0 = Release|Win32
	EndGlobalSection
	GlobalSection(SolutionProperties) = preSolution
		HideSolutionNode = FALSE
	EndGlobalSection
	GlobalSection(ExtensibilityGlobals) = postSolution
		SolutionGuid = {E2E9129E-B731-4638-8D40-49B281C58AFC}
	EndGlobalSection
EndGlobal
